
Microsoft Visual Studio Solution File, Format Version 12.00
# Visual Studio Version 17
VisualStudioVersion = 17.14.36603.0 d17.14
MinimumVisualStudioVersion = 10.0.40219.1
Project("{FAE04EC0-301F-11D3-BF4B-00C04F79EFBC}") = "JonathanHandProject2", "JonathanHandProject2.csproj", "{8429ED92-0BAF-4BAD-B2BB-2A90D05ADEF7}"
EndProject
Global
	GlobalSection(SolutionConfigurationPlatforms) = preSolution
		Debug|Any CPU = Debug|Any CPU
		Release|Any CPU = Release|Any CPU
	EndGlobalSection
	GlobalSection(ProjectConfigurationPlatforms) = postSolution
		{8429ED92-0BAF-4BAD-B2BB-2A90D05ADEF7}.Debug|Any CPU.ActiveCfg = Debug|Any CPU
		{8429ED92-0BAF-4BAD-B2BB-2A90D05ADEF7}.Debug|Any CPU.Build.0 = Debug|Any CPU
		{8429ED92-0BAF-4BAD-B2BB-2A90D05ADEF7}.Release|Any CPU.ActiveCfg = Release|Any CPU
		{8429ED92-0BAF-4BAD-B2BB-2A90D05ADEF7}.Release|Any CPU.Build.0 = Release|Any CPU
	EndGlobalSection
	GlobalSection(SolutionProperties) = preSolution
		HideSolutionNode = FALSE
	EndGlobalSection
	GlobalSection(ExtensibilityGlobals) = postSolution
		SolutionGuid = {52AEB18B-F569-45E3-BD1C-F5A47405A288}
	EndGlobalSection
EndGlobal
